
Microsoft Visual Studio Solution File, Format Version 12.00
# Visual Studio Version 17
VisualStudioVersion = 17.6.33723.286
MinimumVisualStudioVersion = 10.0.40219.1
Project("{FAE04EC0-301F-11D3-BF4B-00C04F79EFBC}") = "Задачи от Сереги", "Задачи от Сереги.csproj", "{75CBC7FD-ABF8-465F-B953-4A88CA08BD42}"
EndProject
Global
	GlobalSection(SolutionConfigurationPlatforms) = preSolution
		Debug|Any CPU = Debug|Any CPU
		Release|Any CPU = Release|Any CPU
	EndGlobalSection
	GlobalSection(ProjectConfigurationPlatforms) = postSolution
		{75CBC7FD-ABF8-465F-B953-4A88CA08BD42}.Debug|Any CPU.ActiveCfg = Debug|Any CPU
		{75CBC7FD-ABF8-465F-B953-4A88CA08BD42}.Debug|Any CPU.Build.0 = Debug|Any CPU
		{75CBC7FD-ABF8-465F-B953-4A88CA08BD42}.Release|Any CPU.ActiveCfg = Release|Any CPU
		{75CBC7FD-ABF8-465F-B953-4A88CA08BD42}.Release|Any CPU.Build.0 = Release|Any CPU
	EndGlobalSection
	GlobalSection(SolutionProperties) = preSolution
		HideSolutionNode = FALSE
	EndGlobalSection
	GlobalSection(ExtensibilityGlobals) = postSolution
		SolutionGuid = {36A6C1DF-7B6C-4853-9149-5BF36414D2FB}
	EndGlobalSection
EndGlobal
